// !$*UTF8*$!
{
	archiveVersion = 1;
	classes = {
	};
	objectVersion = 51;
	objects = {

/* Begin PBXBuildFile section */
		0525BBFB23ACFC4A008EDDF2 /* OriginDestinationViewController.swift in Sources */ = {isa = PBXBuildFile; fileRef = 0525BBFA23ACFC4A008EDDF2 /* OriginDestinationViewController.swift */; };
		0525BBFD23AD0466008EDDF2 /* BaseViewController.swift in Sources */ = {isa = PBXBuildFile; fileRef = 0525BBFC23AD0466008EDDF2 /* BaseViewController.swift */; };
		0525BBFF23AD0C0F008EDDF2 /* SelectLocationViewController.swift in Sources */ = {isa = PBXBuildFile; fileRef = 0525BBFE23AD0C0F008EDDF2 /* SelectLocationViewController.swift */; };
		0525BC0223AD0EE5008EDDF2 /* R.generated.swift in Sources */ = {isa = PBXBuildFile; fileRef = 0525BC0123AD0EE4008EDDF2 /* R.generated.swift */; };
		0535FB5F23B6906A0008222A /* PlacesResponse.swift in Sources */ = {isa = PBXBuildFile; fileRef = 0535FB5E23B6906A0008222A /* PlacesResponse.swift */; };
		0535FB6123B6917C0008222A /* Place.swift in Sources */ = {isa = PBXBuildFile; fileRef = 0535FB6023B6917C0008222A /* Place.swift */; };
		0535FB6323B693540008222A /* Location.swift in Sources */ = {isa = PBXBuildFile; fileRef = 0535FB6223B693540008222A /* Location.swift */; };
		0535FB6723B6967B0008222A /* RepositoryResponse.swift in Sources */ = {isa = PBXBuildFile; fileRef = 0535FB6623B6967B0008222A /* RepositoryResponse.swift */; };
		0535FB6923B696AB0008222A /* Repository.swift in Sources */ = {isa = PBXBuildFile; fileRef = 0535FB6823B696AB0008222A /* Repository.swift */; };
		0535FB6B23B697F20008222A /* PlaceRepositoryProtocol.swift in Sources */ = {isa = PBXBuildFile; fileRef = 0535FB6A23B697F20008222A /* PlaceRepositoryProtocol.swift */; };
		0535FB6D23B698AA0008222A /* PlaceRepository.swift in Sources */ = {isa = PBXBuildFile; fileRef = 0535FB6C23B698AA0008222A /* PlaceRepository.swift */; };
		0535FB6F23B6991A0008222A /* PlaceRestRepository.swift in Sources */ = {isa = PBXBuildFile; fileRef = 0535FB6E23B6991A0008222A /* PlaceRestRepository.swift */; };
		0535FB7323B69B970008222A /* Apikey.swift in Sources */ = {isa = PBXBuildFile; fileRef = 0535FB7223B69B970008222A /* Apikey.swift */; };
		054548D823B9138E002DA97C /* PlacesViewController.swift in Sources */ = {isa = PBXBuildFile; fileRef = 054548D723B9138E002DA97C /* PlacesViewController.swift */; };
		054548DA23B913A4002DA97C /* PlacesViewModel.swift in Sources */ = {isa = PBXBuildFile; fileRef = 054548D923B913A4002DA97C /* PlacesViewModel.swift */; };
		054548DE23BA66E3002DA97C /* PlaceTableViewCell.swift in Sources */ = {isa = PBXBuildFile; fileRef = 054548DD23BA66E3002DA97C /* PlaceTableViewCell.swift */; };
		054548E023BA6EEA002DA97C /* PlacePhoto.swift in Sources */ = {isa = PBXBuildFile; fileRef = 054548DF23BA6EEA002DA97C /* PlacePhoto.swift */; };
		055B12F923BF535C00EC0661 /* LocationsViewController.swift in Sources */ = {isa = PBXBuildFile; fileRef = 055B12F823BF535C00EC0661 /* LocationsViewController.swift */; };
		055B12FC23BF538000EC0661 /* LocationsViewModel.swift in Sources */ = {isa = PBXBuildFile; fileRef = 055B12FB23BF538000EC0661 /* LocationsViewModel.swift */; };
		056CCB5423C3D4DC00D78EAD /* PlacesResponse.json in Resources */ = {isa = PBXBuildFile; fileRef = 054548DB23B9396A002DA97C /* PlacesResponse.json */; };
		05966A9423B1370200A5F48E /* OriginDestinationViewModel.swift in Sources */ = {isa = PBXBuildFile; fileRef = 05966A9323B1370200A5F48E /* OriginDestinationViewModel.swift */; };
		05966A9B23B1BEDD00A5F48E /* ApiHelper.swift in Sources */ = {isa = PBXBuildFile; fileRef = 05966A9A23B1BEDD00A5F48E /* ApiHelper.swift */; };
		05966A9D23B1BF9F00A5F48E /* Interceptor.swift in Sources */ = {isa = PBXBuildFile; fileRef = 05966A9C23B1BF9F00A5F48E /* Interceptor.swift */; };
		05FCEDFF23A6BD6900C0BD10 /* AppDelegate.swift in Sources */ = {isa = PBXBuildFile; fileRef = 05FCEDFE23A6BD6900C0BD10 /* AppDelegate.swift */; };
		05FCEE0123A6BD6900C0BD10 /* ViewController.swift in Sources */ = {isa = PBXBuildFile; fileRef = 05FCEE0023A6BD6900C0BD10 /* ViewController.swift */; };
		05FCEE0423A6BD6900C0BD10 /* Main.storyboard in Resources */ = {isa = PBXBuildFile; fileRef = 05FCEE0223A6BD6900C0BD10 /* Main.storyboard */; };
		05FCEE0623A6BD6D00C0BD10 /* Assets.xcassets in Resources */ = {isa = PBXBuildFile; fileRef = 05FCEE0523A6BD6D00C0BD10 /* Assets.xcassets */; };
		05FCEE0923A6BD6D00C0BD10 /* LaunchScreen.storyboard in Resources */ = {isa = PBXBuildFile; fileRef = 05FCEE0723A6BD6D00C0BD10 /* LaunchScreen.storyboard */; };
		05FCEE1423A6BD6D00C0BD10 /* RuziVoyTests.swift in Sources */ = {isa = PBXBuildFile; fileRef = 05FCEE1323A6BD6D00C0BD10 /* RuziVoyTests.swift */; };
		05FCEE1F23A6BD6D00C0BD10 /* RuziVoyUITests.swift in Sources */ = {isa = PBXBuildFile; fileRef = 05FCEE1E23A6BD6D00C0BD10 /* RuziVoyUITests.swift */; };
		8D14BDB6203A5F693A8DAF0D /* Pods_RuziVoy.framework in Frameworks */ = {isa = PBXBuildFile; fileRef = DFF665DF8C0F14DCE857EB4E /* Pods_RuziVoy.framework */; };
		AEFFB60EDDA64F0AC2311261 /* Pods_RuziVoyTests.framework in Frameworks */ = {isa = PBXBuildFile; fileRef = E3BD418EAF5F656B007E9848 /* Pods_RuziVoyTests.framework */; };
		F594AB307F8C7B1B44DCE1C1 /* Pods_RuziVoy_RuziVoyUITests.framework in Frameworks */ = {isa = PBXBuildFile; fileRef = F997E2814FE4A6C97C8BDB62 /* Pods_RuziVoy_RuziVoyUITests.framework */; };
/* End PBXBuildFile section */

/* Begin PBXContainerItemProxy section */
		05FCEE1023A6BD6D00C0BD10 /* PBXContainerItemProxy */ = {
			isa = PBXContainerItemProxy;
			containerPortal = 05FCEDF323A6BD6900C0BD10 /* Project object */;
			proxyType = 1;
			remoteGlobalIDString = 05FCEDFA23A6BD6900C0BD10;
			remoteInfo = RuziVoy;
		};
		05FCEE1B23A6BD6D00C0BD10 /* PBXContainerItemProxy */ = {
			isa = PBXContainerItemProxy;
			containerPortal = 05FCEDF323A6BD6900C0BD10 /* Project object */;
			proxyType = 1;
			remoteGlobalIDString = 05FCEDFA23A6BD6900C0BD10;
			remoteInfo = RuziVoy;
		};
/* End PBXContainerItemProxy section */

/* Begin PBXFileReference section */
		016B5A37D27A494608BF6035 /* Pods-RuziVoy-RuziVoyUITests.debug.xcconfig */ = {isa = PBXFileReference; includeInIndex = 1; lastKnownFileType = text.xcconfig; name = "Pods-RuziVoy-RuziVoyUITests.debug.xcconfig"; path = "Target Support Files/Pods-RuziVoy-RuziVoyUITests/Pods-RuziVoy-RuziVoyUITests.debug.xcconfig"; sourceTree = "<group>"; };
		03E49AA41E9AB3884BF88E24 /* Pods-RuziVoyTests.release.xcconfig */ = {isa = PBXFileReference; includeInIndex = 1; lastKnownFileType = text.xcconfig; name = "Pods-RuziVoyTests.release.xcconfig"; path = "Target Support Files/Pods-RuziVoyTests/Pods-RuziVoyTests.release.xcconfig"; sourceTree = "<group>"; };
		0525BBFA23ACFC4A008EDDF2 /* OriginDestinationViewController.swift */ = {isa = PBXFileReference; lastKnownFileType = sourcecode.swift; path = OriginDestinationViewController.swift; sourceTree = "<group>"; };
		0525BBFC23AD0466008EDDF2 /* BaseViewController.swift */ = {isa = PBXFileReference; lastKnownFileType = sourcecode.swift; path = BaseViewController.swift; sourceTree = "<group>"; };
		0525BBFE23AD0C0F008EDDF2 /* SelectLocationViewController.swift */ = {isa = PBXFileReference; lastKnownFileType = sourcecode.swift; path = SelectLocationViewController.swift; sourceTree = "<group>"; };
		0525BC0123AD0EE4008EDDF2 /* R.generated.swift */ = {isa = PBXFileReference; fileEncoding = 4; lastKnownFileType = sourcecode.swift; path = R.generated.swift; sourceTree = SOURCE_ROOT; };
		0535FB5E23B6906A0008222A /* PlacesResponse.swift */ = {isa = PBXFileReference; lastKnownFileType = sourcecode.swift; path = PlacesResponse.swift; sourceTree = "<group>"; };
		0535FB6023B6917C0008222A /* Place.swift */ = {isa = PBXFileReference; lastKnownFileType = sourcecode.swift; path = Place.swift; sourceTree = "<group>"; };
		0535FB6223B693540008222A /* Location.swift */ = {isa = PBXFileReference; lastKnownFileType = sourcecode.swift; path = Location.swift; sourceTree = "<group>"; };
		0535FB6623B6967B0008222A /* RepositoryResponse.swift */ = {isa = PBXFileReference; lastKnownFileType = sourcecode.swift; path = RepositoryResponse.swift; sourceTree = "<group>"; };
		0535FB6823B696AB0008222A /* Repository.swift */ = {isa = PBXFileReference; lastKnownFileType = sourcecode.swift; path = Repository.swift; sourceTree = "<group>"; };
		0535FB6A23B697F20008222A /* PlaceRepositoryProtocol.swift */ = {isa = PBXFileReference; lastKnownFileType = sourcecode.swift; path = PlaceRepositoryProtocol.swift; sourceTree = "<group>"; };
		0535FB6C23B698AA0008222A /* PlaceRepository.swift */ = {isa = PBXFileReference; lastKnownFileType = sourcecode.swift; path = PlaceRepository.swift; sourceTree = "<group>"; };
		0535FB6E23B6991A0008222A /* PlaceRestRepository.swift */ = {isa = PBXFileReference; lastKnownFileType = sourcecode.swift; path = PlaceRestRepository.swift; sourceTree = "<group>"; };
		0535FB7223B69B970008222A /* Apikey.swift */ = {isa = PBXFileReference; fileEncoding = 4; lastKnownFileType = sourcecode.swift; path = Apikey.swift; sourceTree = SOURCE_ROOT; };
		054548D723B9138E002DA97C /* PlacesViewController.swift */ = {isa = PBXFileReference; lastKnownFileType = sourcecode.swift; path = PlacesViewController.swift; sourceTree = "<group>"; };
		054548D923B913A4002DA97C /* PlacesViewModel.swift */ = {isa = PBXFileReference; lastKnownFileType = sourcecode.swift; path = PlacesViewModel.swift; sourceTree = "<group>"; };
		054548DB23B9396A002DA97C /* PlacesResponse.json */ = {isa = PBXFileReference; lastKnownFileType = text.json; path = PlacesResponse.json; sourceTree = "<group>"; };
		054548DD23BA66E3002DA97C /* PlaceTableViewCell.swift */ = {isa = PBXFileReference; lastKnownFileType = sourcecode.swift; path = PlaceTableViewCell.swift; sourceTree = "<group>"; };
		054548DF23BA6EEA002DA97C /* PlacePhoto.swift */ = {isa = PBXFileReference; lastKnownFileType = sourcecode.swift; path = PlacePhoto.swift; sourceTree = "<group>"; };
		055B12F823BF535C00EC0661 /* LocationsViewController.swift */ = {isa = PBXFileReference; lastKnownFileType = sourcecode.swift; path = LocationsViewController.swift; sourceTree = "<group>"; };
		055B12FB23BF538000EC0661 /* LocationsViewModel.swift */ = {isa = PBXFileReference; lastKnownFileType = sourcecode.swift; path = LocationsViewModel.swift; sourceTree = "<group>"; };
		057A374023CE495100BB4DB3 /* RuziVoy.entitlements */ = {isa = PBXFileReference; lastKnownFileType = text.plist.entitlements; path = RuziVoy.entitlements; sourceTree = "<group>"; };
		05966A9323B1370200A5F48E /* OriginDestinationViewModel.swift */ = {isa = PBXFileReference; lastKnownFileType = sourcecode.swift; path = OriginDestinationViewModel.swift; sourceTree = "<group>"; };
		05966A9A23B1BEDD00A5F48E /* ApiHelper.swift */ = {isa = PBXFileReference; lastKnownFileType = sourcecode.swift; path = ApiHelper.swift; sourceTree = "<group>"; };
		05966A9C23B1BF9F00A5F48E /* Interceptor.swift */ = {isa = PBXFileReference; lastKnownFileType = sourcecode.swift; path = Interceptor.swift; sourceTree = "<group>"; };
		05FCEDFB23A6BD6900C0BD10 /* RuziVoy.app */ = {isa = PBXFileReference; explicitFileType = wrapper.application; includeInIndex = 0; path = RuziVoy.app; sourceTree = BUILT_PRODUCTS_DIR; };
		05FCEDFE23A6BD6900C0BD10 /* AppDelegate.swift */ = {isa = PBXFileReference; lastKnownFileType = sourcecode.swift; path = AppDelegate.swift; sourceTree = "<group>"; };
		05FCEE0023A6BD6900C0BD10 /* ViewController.swift */ = {isa = PBXFileReference; lastKnownFileType = sourcecode.swift; path = ViewController.swift; sourceTree = "<group>"; };
		05FCEE0323A6BD6900C0BD10 /* Base */ = {isa = PBXFileReference; lastKnownFileType = file.storyboard; name = Base; path = Base.lproj/Main.storyboard; sourceTree = "<group>"; };
		05FCEE0523A6BD6D00C0BD10 /* Assets.xcassets */ = {isa = PBXFileReference; lastKnownFileType = folder.assetcatalog; path = Assets.xcassets; sourceTree = "<group>"; };
		05FCEE0823A6BD6D00C0BD10 /* Base */ = {isa = PBXFileReference; lastKnownFileType = file.storyboard; name = Base; path = Base.lproj/LaunchScreen.storyboard; sourceTree = "<group>"; };
		05FCEE0A23A6BD6D00C0BD10 /* Info.plist */ = {isa = PBXFileReference; lastKnownFileType = text.plist.xml; path = Info.plist; sourceTree = "<group>"; };
		05FCEE0F23A6BD6D00C0BD10 /* RuziVoyTests.xctest */ = {isa = PBXFileReference; explicitFileType = wrapper.cfbundle; includeInIndex = 0; path = RuziVoyTests.xctest; sourceTree = BUILT_PRODUCTS_DIR; };
		05FCEE1323A6BD6D00C0BD10 /* RuziVoyTests.swift */ = {isa = PBXFileReference; lastKnownFileType = sourcecode.swift; path = RuziVoyTests.swift; sourceTree = "<group>"; };
		05FCEE1523A6BD6D00C0BD10 /* Info.plist */ = {isa = PBXFileReference; lastKnownFileType = text.plist.xml; path = Info.plist; sourceTree = "<group>"; };
		05FCEE1A23A6BD6D00C0BD10 /* RuziVoyUITests.xctest */ = {isa = PBXFileReference; explicitFileType = wrapper.cfbundle; includeInIndex = 0; path = RuziVoyUITests.xctest; sourceTree = BUILT_PRODUCTS_DIR; };
		05FCEE1E23A6BD6D00C0BD10 /* RuziVoyUITests.swift */ = {isa = PBXFileReference; lastKnownFileType = sourcecode.swift; path = RuziVoyUITests.swift; sourceTree = "<group>"; };
		05FCEE2023A6BD6D00C0BD10 /* Info.plist */ = {isa = PBXFileReference; lastKnownFileType = text.plist.xml; path = Info.plist; sourceTree = "<group>"; };
		44F96A82D7B5246BA95169B9 /* Pods-RuziVoy.debug.xcconfig */ = {isa = PBXFileReference; includeInIndex = 1; lastKnownFileType = text.xcconfig; name = "Pods-RuziVoy.debug.xcconfig"; path = "Target Support Files/Pods-RuziVoy/Pods-RuziVoy.debug.xcconfig"; sourceTree = "<group>"; };
		6B5142E925B6623BF30BE080 /* Pods-RuziVoyTests.debug.xcconfig */ = {isa = PBXFileReference; includeInIndex = 1; lastKnownFileType = text.xcconfig; name = "Pods-RuziVoyTests.debug.xcconfig"; path = "Target Support Files/Pods-RuziVoyTests/Pods-RuziVoyTests.debug.xcconfig"; sourceTree = "<group>"; };
		D2FC1E9A2E2F8A3599FB7238 /* Pods-RuziVoy-RuziVoyUITests.release.xcconfig */ = {isa = PBXFileReference; includeInIndex = 1; lastKnownFileType = text.xcconfig; name = "Pods-RuziVoy-RuziVoyUITests.release.xcconfig"; path = "Target Support Files/Pods-RuziVoy-RuziVoyUITests/Pods-RuziVoy-RuziVoyUITests.release.xcconfig"; sourceTree = "<group>"; };
		DFF665DF8C0F14DCE857EB4E /* Pods_RuziVoy.framework */ = {isa = PBXFileReference; explicitFileType = wrapper.framework; includeInIndex = 0; path = Pods_RuziVoy.framework; sourceTree = BUILT_PRODUCTS_DIR; };
		E1A7789F6F7F7819FF7CAECB /* Pods-RuziVoy.release.xcconfig */ = {isa = PBXFileReference; includeInIndex = 1; lastKnownFileType = text.xcconfig; name = "Pods-RuziVoy.release.xcconfig"; path = "Target Support Files/Pods-RuziVoy/Pods-RuziVoy.release.xcconfig"; sourceTree = "<group>"; };
		E3BD418EAF5F656B007E9848 /* Pods_RuziVoyTests.framework */ = {isa = PBXFileReference; explicitFileType = wrapper.framework; includeInIndex = 0; path = Pods_RuziVoyTests.framework; sourceTree = BUILT_PRODUCTS_DIR; };
		F997E2814FE4A6C97C8BDB62 /* Pods_RuziVoy_RuziVoyUITests.framework */ = {isa = PBXFileReference; explicitFileType = wrapper.framework; includeInIndex = 0; path = Pods_RuziVoy_RuziVoyUITests.framework; sourceTree = BUILT_PRODUCTS_DIR; };
/* End PBXFileReference section */

/* Begin PBXFrameworksBuildPhase section */
		05FCEDF823A6BD6900C0BD10 /* Frameworks */ = {
			isa = PBXFrameworksBuildPhase;
			buildActionMask = 2147483647;
			files = (
				8D14BDB6203A5F693A8DAF0D /* Pods_RuziVoy.framework in Frameworks */,
			);
			runOnlyForDeploymentPostprocessing = 0;
		};
		05FCEE0C23A6BD6D00C0BD10 /* Frameworks */ = {
			isa = PBXFrameworksBuildPhase;
			buildActionMask = 2147483647;
			files = (
				AEFFB60EDDA64F0AC2311261 /* Pods_RuziVoyTests.framework in Frameworks */,
			);
			runOnlyForDeploymentPostprocessing = 0;
		};
		05FCEE1723A6BD6D00C0BD10 /* Frameworks */ = {
			isa = PBXFrameworksBuildPhase;
			buildActionMask = 2147483647;
			files = (
				F594AB307F8C7B1B44DCE1C1 /* Pods_RuziVoy_RuziVoyUITests.framework in Frameworks */,
			);
			runOnlyForDeploymentPostprocessing = 0;
		};
/* End PBXFrameworksBuildPhase section */

/* Begin PBXGroup section */
		0525BBF823ACFBF6008EDDF2 /* ui */ = {
			isa = PBXGroup;
			children = (
				055B12FA23BF536100EC0661 /* Locations */,
				054548D523B91355002DA97C /* places */,
				05966A9623B1B5B000A5F48E /* selsectlocation */,
				05966A9523B1B5A400A5F48E /* base */,
				05966A9223B136DE00A5F48E /* originanddestination */,
			);
			path = ui;
			sourceTree = "<group>";
		};
		0525BBF923ACFC02008EDDF2 /* data */ = {
			isa = PBXGroup;
			children = (
				05966A9923B1BE3800A5F48E /* repository */,
				05966A9823B1BE2A00A5F48E /* remote */,
				05966A9723B1BE1E00A5F48E /* models */,
			);
			path = data;
			sourceTree = "<group>";
		};
		0535FB6423B696030008222A /* place */ = {
			isa = PBXGroup;
			children = (
				0535FB6A23B697F20008222A /* PlaceRepositoryProtocol.swift */,
				0535FB6C23B698AA0008222A /* PlaceRepository.swift */,
				0535FB6E23B6991A0008222A /* PlaceRestRepository.swift */,
			);
			path = place;
			sourceTree = "<group>";
		};
		0535FB6523B6960E0008222A /* base */ = {
			isa = PBXGroup;
			children = (
				0535FB6623B6967B0008222A /* RepositoryResponse.swift */,
				0535FB6823B696AB0008222A /* Repository.swift */,
			);
			path = base;
			sourceTree = "<group>";
		};
		054548D523B91355002DA97C /* places */ = {
			isa = PBXGroup;
			children = (
				054548D623B91362002DA97C /* base */,
			);
			path = places;
			sourceTree = "<group>";
		};
		054548D623B91362002DA97C /* base */ = {
			isa = PBXGroup;
			children = (
				054548DC23BA66BB002DA97C /* cell */,
				054548D723B9138E002DA97C /* PlacesViewController.swift */,
				054548D923B913A4002DA97C /* PlacesViewModel.swift */,
			);
			path = base;
			sourceTree = "<group>";
		};
		054548DC23BA66BB002DA97C /* cell */ = {
			isa = PBXGroup;
			children = (
				054548DD23BA66E3002DA97C /* PlaceTableViewCell.swift */,
			);
			path = cell;
			sourceTree = "<group>";
		};
		055B12FA23BF536100EC0661 /* Locations */ = {
			isa = PBXGroup;
			children = (
				055B12F823BF535C00EC0661 /* LocationsViewController.swift */,
				055B12FB23BF538000EC0661 /* LocationsViewModel.swift */,
			);
			path = Locations;
			sourceTree = "<group>";
		};
		05966A9223B136DE00A5F48E /* originanddestination */ = {
			isa = PBXGroup;
			children = (
				0525BBFA23ACFC4A008EDDF2 /* OriginDestinationViewController.swift */,
				05966A9323B1370200A5F48E /* OriginDestinationViewModel.swift */,
			);
			path = originanddestination;
			sourceTree = "<group>";
		};
		05966A9523B1B5A400A5F48E /* base */ = {
			isa = PBXGroup;
			children = (
				0525BBFC23AD0466008EDDF2 /* BaseViewController.swift */,
			);
			path = base;
			sourceTree = "<group>";
		};
		05966A9623B1B5B000A5F48E /* selsectlocation */ = {
			isa = PBXGroup;
			children = (
				0525BBFE23AD0C0F008EDDF2 /* SelectLocationViewController.swift */,
			);
			path = selsectlocation;
			sourceTree = "<group>";
		};
		05966A9723B1BE1E00A5F48E /* models */ = {
			isa = PBXGroup;
			children = (
				0535FB5E23B6906A0008222A /* PlacesResponse.swift */,
				0535FB6023B6917C0008222A /* Place.swift */,
				0535FB6223B693540008222A /* Location.swift */,
				054548DF23BA6EEA002DA97C /* PlacePhoto.swift */,
			);
			path = models;
			sourceTree = "<group>";
		};
		05966A9823B1BE2A00A5F48E /* remote */ = {
			isa = PBXGroup;
			children = (
				05966A9A23B1BEDD00A5F48E /* ApiHelper.swift */,
				05966A9C23B1BF9F00A5F48E /* Interceptor.swift */,
			);
			path = remote;
			sourceTree = "<group>";
		};
		05966A9923B1BE3800A5F48E /* repository */ = {
			isa = PBXGroup;
			children = (
				0535FB6523B6960E0008222A /* base */,
				0535FB6423B696030008222A /* place */,
			);
			path = repository;
			sourceTree = "<group>";
		};
		05FCEDF223A6BD6900C0BD10 = {
			isa = PBXGroup;
			children = (
				05FCEDFD23A6BD6900C0BD10 /* RuziVoy */,
				05FCEE1223A6BD6D00C0BD10 /* RuziVoyTests */,
				05FCEE1D23A6BD6D00C0BD10 /* RuziVoyUITests */,
				05FCEDFC23A6BD6900C0BD10 /* Products */,
				936C9D70CCA50F68D1E999B9 /* Pods */,
				52B9E7D390605AB55C0889F2 /* Frameworks */,
			);
			sourceTree = "<group>";
		};
		05FCEDFC23A6BD6900C0BD10 /* Products */ = {
			isa = PBXGroup;
			children = (
				05FCEDFB23A6BD6900C0BD10 /* RuziVoy.app */,
				05FCEE0F23A6BD6D00C0BD10 /* RuziVoyTests.xctest */,
				05FCEE1A23A6BD6D00C0BD10 /* RuziVoyUITests.xctest */,
			);
			name = Products;
			sourceTree = "<group>";
		};
		05FCEDFD23A6BD6900C0BD10 /* RuziVoy */ = {
			isa = PBXGroup;
			children = (
				057A374023CE495100BB4DB3 /* RuziVoy.entitlements */,
				0535FB7223B69B970008222A /* Apikey.swift */,
				0525BC0123AD0EE4008EDDF2 /* R.generated.swift */,
				0525BBF923ACFC02008EDDF2 /* data */,
				0525BBF823ACFBF6008EDDF2 /* ui */,
				05FCEDFE23A6BD6900C0BD10 /* AppDelegate.swift */,
				05FCEE0023A6BD6900C0BD10 /* ViewController.swift */,
				05FCEE0223A6BD6900C0BD10 /* Main.storyboard */,
				05FCEE0523A6BD6D00C0BD10 /* Assets.xcassets */,
				05FCEE0723A6BD6D00C0BD10 /* LaunchScreen.storyboard */,
				05FCEE0A23A6BD6D00C0BD10 /* Info.plist */,
				054548DB23B9396A002DA97C /* PlacesResponse.json */,
			);
			path = RuziVoy;
			sourceTree = "<group>";
		};
		05FCEE1223A6BD6D00C0BD10 /* RuziVoyTests */ = {
			isa = PBXGroup;
			children = (
				05FCEE1323A6BD6D00C0BD10 /* RuziVoyTests.swift */,
				05FCEE1523A6BD6D00C0BD10 /* Info.plist */,
			);
			path = RuziVoyTests;
			sourceTree = "<group>";
		};
		05FCEE1D23A6BD6D00C0BD10 /* RuziVoyUITests */ = {
			isa = PBXGroup;
			children = (
				05FCEE1E23A6BD6D00C0BD10 /* RuziVoyUITests.swift */,
				05FCEE2023A6BD6D00C0BD10 /* Info.plist */,
			);
			path = RuziVoyUITests;
			sourceTree = "<group>";
		};
		52B9E7D390605AB55C0889F2 /* Frameworks */ = {
			isa = PBXGroup;
			children = (
				DFF665DF8C0F14DCE857EB4E /* Pods_RuziVoy.framework */,
				F997E2814FE4A6C97C8BDB62 /* Pods_RuziVoy_RuziVoyUITests.framework */,
				E3BD418EAF5F656B007E9848 /* Pods_RuziVoyTests.framework */,
			);
			name = Frameworks;
			sourceTree = "<group>";
		};
		936C9D70CCA50F68D1E999B9 /* Pods */ = {
			isa = PBXGroup;
			children = (
				44F96A82D7B5246BA95169B9 /* Pods-RuziVoy.debug.xcconfig */,
				E1A7789F6F7F7819FF7CAECB /* Pods-RuziVoy.release.xcconfig */,
				016B5A37D27A494608BF6035 /* Pods-RuziVoy-RuziVoyUITests.debug.xcconfig */,
				D2FC1E9A2E2F8A3599FB7238 /* Pods-RuziVoy-RuziVoyUITests.release.xcconfig */,
				6B5142E925B6623BF30BE080 /* Pods-RuziVoyTests.debug.xcconfig */,
				03E49AA41E9AB3884BF88E24 /* Pods-RuziVoyTests.release.xcconfig */,
			);
			path = Pods;
			sourceTree = "<group>";
		};
/* End PBXGroup section */

/* Begin PBXNativeTarget section */
		05FCEDFA23A6BD6900C0BD10 /* RuziVoy */ = {
			isa = PBXNativeTarget;
			buildConfigurationList = 05FCEE2323A6BD6D00C0BD10 /* Build configuration list for PBXNativeTarget "RuziVoy" */;
			buildPhases = (
				F2CAC7F77A16963CC08ED383 /* [CP] Check Pods Manifest.lock */,
				0525BC0023AD0E68008EDDF2 /* R */,
				05FCEDF723A6BD6900C0BD10 /* Sources */,
				05FCEDF823A6BD6900C0BD10 /* Frameworks */,
				05FCEDF923A6BD6900C0BD10 /* Resources */,
				0FFEFD2A67CE89C54E8A6110 /* [CP] Copy Pods Resources */,
				50BF4192DF264CF19A0B0A9A /* [CP] Embed Pods Frameworks */,
			);
			buildRules = (
			);
			dependencies = (
			);
			name = RuziVoy;
			productName = RuziVoy;
			productReference = 05FCEDFB23A6BD6900C0BD10 /* RuziVoy.app */;
			productType = "com.apple.product-type.application";
		};
		05FCEE0E23A6BD6D00C0BD10 /* RuziVoyTests */ = {
			isa = PBXNativeTarget;
			buildConfigurationList = 05FCEE2623A6BD6D00C0BD10 /* Build configuration list for PBXNativeTarget "RuziVoyTests" */;
			buildPhases = (
				DDE638AA911D80E49CA9E4AA /* [CP] Check Pods Manifest.lock */,
				05FCEE0B23A6BD6D00C0BD10 /* Sources */,
				05FCEE0C23A6BD6D00C0BD10 /* Frameworks */,
				05FCEE0D23A6BD6D00C0BD10 /* Resources */,
			);
			buildRules = (
			);
			dependencies = (
				05FCEE1123A6BD6D00C0BD10 /* PBXTargetDependency */,
			);
			name = RuziVoyTests;
			productName = RuziVoyTests;
			productReference = 05FCEE0F23A6BD6D00C0BD10 /* RuziVoyTests.xctest */;
			productType = "com.apple.product-type.bundle.unit-test";
		};
		05FCEE1923A6BD6D00C0BD10 /* RuziVoyUITests */ = {
			isa = PBXNativeTarget;
			buildConfigurationList = 05FCEE2923A6BD6D00C0BD10 /* Build configuration list for PBXNativeTarget "RuziVoyUITests" */;
			buildPhases = (
				F3373B7846AB4248BA9E4838 /* [CP] Check Pods Manifest.lock */,
				05FCEE1623A6BD6D00C0BD10 /* Sources */,
				05FCEE1723A6BD6D00C0BD10 /* Frameworks */,
				05FCEE1823A6BD6D00C0BD10 /* Resources */,
				F31E34A6BC692A5A9F3CB013 /* [CP] Copy Pods Resources */,
				5F268DE2225B748C2C084805 /* [CP] Embed Pods Frameworks */,
			);
			buildRules = (
			);
			dependencies = (
				05FCEE1C23A6BD6D00C0BD10 /* PBXTargetDependency */,
			);
			name = RuziVoyUITests;
			productName = RuziVoyUITests;
			productReference = 05FCEE1A23A6BD6D00C0BD10 /* RuziVoyUITests.xctest */;
			productType = "com.apple.product-type.bundle.ui-testing";
		};
/* End PBXNativeTarget section */

/* Begin PBXProject section */
		05FCEDF323A6BD6900C0BD10 /* Project object */ = {
			isa = PBXProject;
			attributes = {
				LastSwiftUpdateCheck = 1020;
				LastUpgradeCheck = 1020;
				ORGANIZATIONNAME = Hamed;
				TargetAttributes = {
					05FCEDFA23A6BD6900C0BD10 = {
						CreatedOnToolsVersion = 10.2.1;
						SystemCapabilities = {
							com.apple.Push = {
								enabled = 1;
							};
						};
					};
					05FCEE0E23A6BD6D00C0BD10 = {
						CreatedOnToolsVersion = 10.2.1;
						TestTargetID = 05FCEDFA23A6BD6900C0BD10;
					};
					05FCEE1923A6BD6D00C0BD10 = {
						CreatedOnToolsVersion = 10.2.1;
						TestTargetID = 05FCEDFA23A6BD6900C0BD10;
					};
				};
			};
			buildConfigurationList = 05FCEDF623A6BD6900C0BD10 /* Build configuration list for PBXProject "RuziVoy" */;
			compatibilityVersion = "Xcode 9.3";
			developmentRegion = en;
			hasScannedForEncodings = 0;
			knownRegions = (
				en,
				Base,
			);
			mainGroup = 05FCEDF223A6BD6900C0BD10;
			productRefGroup = 05FCEDFC23A6BD6900C0BD10 /* Products */;
			projectDirPath = "";
			projectRoot = "";
			targets = (
				05FCEDFA23A6BD6900C0BD10 /* RuziVoy */,
				05FCEE0E23A6BD6D00C0BD10 /* RuziVoyTests */,
				05FCEE1923A6BD6D00C0BD10 /* RuziVoyUITests */,
			);
		};
/* End PBXProject section */

/* Begin PBXResourcesBuildPhase section */
		05FCEDF923A6BD6900C0BD10 /* Resources */ = {
			isa = PBXResourcesBuildPhase;
			buildActionMask = 2147483647;
			files = (
				05FCEE0923A6BD6D00C0BD10 /* LaunchScreen.storyboard in Resources */,
				05FCEE0623A6BD6D00C0BD10 /* Assets.xcassets in Resources */,
				056CCB5423C3D4DC00D78EAD /* PlacesResponse.json in Resources */,
				05FCEE0423A6BD6900C0BD10 /* Main.storyboard in Resources */,
			);
			runOnlyForDeploymentPostprocessing = 0;
		};
		05FCEE0D23A6BD6D00C0BD10 /* Resources */ = {
			isa = PBXResourcesBuildPhase;
			buildActionMask = 2147483647;
			files = (
			);
			runOnlyForDeploymentPostprocessing = 0;
		};
		05FCEE1823A6BD6D00C0BD10 /* Resources */ = {
			isa = PBXResourcesBuildPhase;
			buildActionMask = 2147483647;
			files = (
			);
			runOnlyForDeploymentPostprocessing = 0;
		};
/* End PBXResourcesBuildPhase section */

/* Begin PBXShellScriptBuildPhase section */
		0525BC0023AD0E68008EDDF2 /* R */ = {
			isa = PBXShellScriptBuildPhase;
			buildActionMask = 2147483647;
			files = (
			);
			inputFileListPaths = (
			);
			inputPaths = (
				"$TEMP_DIR/rswift-lastrun",
			);
			name = R;
			outputFileListPaths = (
			);
			outputPaths = (
				$SRCROOT/R.generated.swift,
			);
			runOnlyForDeploymentPostprocessing = 0;
			shellPath = /bin/sh;
			shellScript = "\"$PODS_ROOT/R.swift/rswift\" generate \"$SRCROOT/R.generated.swift\"\n";
		};
		0FFEFD2A67CE89C54E8A6110 /* [CP] Copy Pods Resources */ = {
			isa = PBXShellScriptBuildPhase;
			buildActionMask = 2147483647;
			files = (
			);
			inputFileListPaths = (
				"${PODS_ROOT}/Target Support Files/Pods-RuziVoy/Pods-RuziVoy-resources-${CONFIGURATION}-input-files.xcfilelist",
			);
			name = "[CP] Copy Pods Resources";
			outputFileListPaths = (
				"${PODS_ROOT}/Target Support Files/Pods-RuziVoy/Pods-RuziVoy-resources-${CONFIGURATION}-output-files.xcfilelist",
			);
			runOnlyForDeploymentPostprocessing = 0;
			shellPath = /bin/sh;
			shellScript = "\"${PODS_ROOT}/Target Support Files/Pods-RuziVoy/Pods-RuziVoy-resources.sh\"\n";
			showEnvVarsInLog = 0;
		};
		50BF4192DF264CF19A0B0A9A /* [CP] Embed Pods Frameworks */ = {
			isa = PBXShellScriptBuildPhase;
			buildActionMask = 2147483647;
			files = (
			);
			inputFileListPaths = (
				"${PODS_ROOT}/Target Support Files/Pods-RuziVoy/Pods-RuziVoy-frameworks-${CONFIGURATION}-input-files.xcfilelist",
			);
			name = "[CP] Embed Pods Frameworks";
			outputFileListPaths = (
				"${PODS_ROOT}/Target Support Files/Pods-RuziVoy/Pods-RuziVoy-frameworks-${CONFIGURATION}-output-files.xcfilelist",
			);
			runOnlyForDeploymentPostprocessing = 0;
			shellPath = /bin/sh;
			shellScript = "\"${PODS_ROOT}/Target Support Files/Pods-RuziVoy/Pods-RuziVoy-frameworks.sh\"\n";
			showEnvVarsInLog = 0;
		};
		5F268DE2225B748C2C084805 /* [CP] Embed Pods Frameworks */ = {
			isa = PBXShellScriptBuildPhase;
			buildActionMask = 2147483647;
			files = (
			);
			inputFileListPaths = (
				"${PODS_ROOT}/Target Support Files/Pods-RuziVoy-RuziVoyUITests/Pods-RuziVoy-RuziVoyUITests-frameworks-${CONFIGURATION}-input-files.xcfilelist",
			);
			name = "[CP] Embed Pods Frameworks";
			outputFileListPaths = (
				"${PODS_ROOT}/Target Support Files/Pods-RuziVoy-RuziVoyUITests/Pods-RuziVoy-RuziVoyUITests-frameworks-${CONFIGURATION}-output-files.xcfilelist",
			);
			runOnlyForDeploymentPostprocessing = 0;
			shellPath = /bin/sh;
			shellScript = "\"${PODS_ROOT}/Target Support Files/Pods-RuziVoy-RuziVoyUITests/Pods-RuziVoy-RuziVoyUITests-frameworks.sh\"\n";
			showEnvVarsInLog = 0;
		};
		DDE638AA911D80E49CA9E4AA /* [CP] Check Pods Manifest.lock */ = {
			isa = PBXShellScriptBuildPhase;
			buildActionMask = 2147483647;
			files = (
			);
			inputFileListPaths = (
			);
			inputPaths = (
				"${PODS_PODFILE_DIR_PATH}/Podfile.lock",
				"${PODS_ROOT}/Manifest.lock",
			);
			name = "[CP] Check Pods Manifest.lock";
			outputFileListPaths = (
			);
			outputPaths = (
				"$(DERIVED_FILE_DIR)/Pods-RuziVoyTests-checkManifestLockResult.txt",
			);
			runOnlyForDeploymentPostprocessing = 0;
			shellPath = /bin/sh;
			shellScript = "diff \"${PODS_PODFILE_DIR_PATH}/Podfile.lock\" \"${PODS_ROOT}/Manifest.lock\" > /dev/null\nif [ $? != 0 ] ; then\n    # print error to STDERR\n    echo \"error: The sandbox is not in sync with the Podfile.lock. Run 'pod install' or update your CocoaPods installation.\" >&2\n    exit 1\nfi\n# This output is used by Xcode 'outputs' to avoid re-running this script phase.\necho \"SUCCESS\" > \"${SCRIPT_OUTPUT_FILE_0}\"\n";
			showEnvVarsInLog = 0;
		};
		F2CAC7F77A16963CC08ED383 /* [CP] Check Pods Manifest.lock */ = {
			isa = PBXShellScriptBuildPhase;
			buildActionMask = 2147483647;
			files = (
			);
			inputFileListPaths = (
			);
			inputPaths = (
				"${PODS_PODFILE_DIR_PATH}/Podfile.lock",
				"${PODS_ROOT}/Manifest.lock",
			);
			name = "[CP] Check Pods Manifest.lock";
			outputFileListPaths = (
			);
			outputPaths = (
				"$(DERIVED_FILE_DIR)/Pods-RuziVoy-checkManifestLockResult.txt",
			);
			runOnlyForDeploymentPostprocessing = 0;
			shellPath = /bin/sh;
			shellScript = "diff \"${PODS_PODFILE_DIR_PATH}/Podfile.lock\" \"${PODS_ROOT}/Manifest.lock\" > /dev/null\nif [ $? != 0 ] ; then\n    # print error to STDERR\n    echo \"error: The sandbox is not in sync with the Podfile.lock. Run 'pod install' or update your CocoaPods installation.\" >&2\n    exit 1\nfi\n# This output is used by Xcode 'outputs' to avoid re-running this script phase.\necho \"SUCCESS\" > \"${SCRIPT_OUTPUT_FILE_0}\"\n";
			showEnvVarsInLog = 0;
		};
		F31E34A6BC692A5A9F3CB013 /* [CP] Copy Pods Resources */ = {
			isa = PBXShellScriptBuildPhase;
			buildActionMask = 2147483647;
			files = (
			);
			inputFileListPaths = (
				"${PODS_ROOT}/Target Support Files/Pods-RuziVoy-RuziVoyUITests/Pods-RuziVoy-RuziVoyUITests-resources-${CONFIGURATION}-input-files.xcfilelist",
			);
			name = "[CP] Copy Pods Resources";
			outputFileListPaths = (
				"${PODS_ROOT}/Target Support Files/Pods-RuziVoy-RuziVoyUITests/Pods-RuziVoy-RuziVoyUITests-resources-${CONFIGURATION}-output-files.xcfilelist",
			);
			runOnlyForDeploymentPostprocessing = 0;
			shellPath = /bin/sh;
			shellScript = "\"${PODS_ROOT}/Target Support Files/Pods-RuziVoy-RuziVoyUITests/Pods-RuziVoy-RuziVoyUITests-resources.sh\"\n";
			showEnvVarsInLog = 0;
		};
		F3373B7846AB4248BA9E4838 /* [CP] Check Pods Manifest.lock */ = {
			isa = PBXShellScriptBuildPhase;
			buildActionMask = 2147483647;
			files = (
			);
			inputFileListPaths = (
			);
			inputPaths = (
				"${PODS_PODFILE_DIR_PATH}/Podfile.lock",
				"${PODS_ROOT}/Manifest.lock",
			);
			name = "[CP] Check Pods Manifest.lock";
			outputFileListPaths = (
			);
			outputPaths = (
				"$(DERIVED_FILE_DIR)/Pods-RuziVoy-RuziVoyUITests-checkManifestLockResult.txt",
			);
			runOnlyForDeploymentPostprocessing = 0;
			shellPath = /bin/sh;
			shellScript = "diff \"${PODS_PODFILE_DIR_PATH}/Podfile.lock\" \"${PODS_ROOT}/Manifest.lock\" > /dev/null\nif [ $? != 0 ] ; then\n    # print error to STDERR\n    echo \"error: The sandbox is not in sync with the Podfile.lock. Run 'pod install' or update your CocoaPods installation.\" >&2\n    exit 1\nfi\n# This output is used by Xcode 'outputs' to avoid re-running this script phase.\necho \"SUCCESS\" > \"${SCRIPT_OUTPUT_FILE_0}\"\n";
			showEnvVarsInLog = 0;
		};
/* End PBXShellScriptBuildPhase section */

/* Begin PBXSourcesBuildPhase section */
		05FCEDF723A6BD6900C0BD10 /* Sources */ = {
			isa = PBXSourcesBuildPhase;
			buildActionMask = 2147483647;
			files = (
				054548DA23B913A4002DA97C /* PlacesViewModel.swift in Sources */,
				05FCEE0123A6BD6900C0BD10 /* ViewController.swift in Sources */,
				0525BBFD23AD0466008EDDF2 /* BaseViewController.swift in Sources */,
				05FCEDFF23A6BD6900C0BD10 /* AppDelegate.swift in Sources */,
				0525BBFF23AD0C0F008EDDF2 /* SelectLocationViewController.swift in Sources */,
				05966A9B23B1BEDD00A5F48E /* ApiHelper.swift in Sources */,
				0535FB6723B6967B0008222A /* RepositoryResponse.swift in Sources */,
				05966A9423B1370200A5F48E /* OriginDestinationViewModel.swift in Sources */,
				0535FB6923B696AB0008222A /* Repository.swift in Sources */,
				0535FB6F23B6991A0008222A /* PlaceRestRepository.swift in Sources */,
				0535FB6B23B697F20008222A /* PlaceRepositoryProtocol.swift in Sources */,
				0535FB7323B69B970008222A /* Apikey.swift in Sources */,
				0535FB6D23B698AA0008222A /* PlaceRepository.swift in Sources */,
				0535FB5F23B6906A0008222A /* PlacesResponse.swift in Sources */,
				055B12F923BF535C00EC0661 /* LocationsViewController.swift in Sources */,
				054548E023BA6EEA002DA97C /* PlacePhoto.swift in Sources */,
				0525BBFB23ACFC4A008EDDF2 /* OriginDestinationViewController.swift in Sources */,
				054548D823B9138E002DA97C /* PlacesViewController.swift in Sources */,
				05966A9D23B1BF9F00A5F48E /* Interceptor.swift in Sources */,
				055B12FC23BF538000EC0661 /* LocationsViewModel.swift in Sources */,
				054548DE23BA66E3002DA97C /* PlaceTableViewCell.swift in Sources */,
				0535FB6123B6917C0008222A /* Place.swift in Sources */,
				0535FB6323B693540008222A /* Location.swift in Sources */,
				0525BC0223AD0EE5008EDDF2 /* R.generated.swift in Sources */,
			);
			runOnlyForDeploymentPostprocessing = 0;
		};
		05FCEE0B23A6BD6D00C0BD10 /* Sources */ = {
			isa = PBXSourcesBuildPhase;
			buildActionMask = 2147483647;
			files = (
				05FCEE1423A6BD6D00C0BD10 /* RuziVoyTests.swift in Sources */,
			);
			runOnlyForDeploymentPostprocessing = 0;
		};
		05FCEE1623A6BD6D00C0BD10 /* Sources */ = {
			isa = PBXSourcesBuildPhase;
			buildActionMask = 2147483647;
			files = (
				05FCEE1F23A6BD6D00C0BD10 /* RuziVoyUITests.swift in Sources */,
			);
			runOnlyForDeploymentPostprocessing = 0;
		};
/* End PBXSourcesBuildPhase section */

/* Begin PBXTargetDependency section */
		05FCEE1123A6BD6D00C0BD10 /* PBXTargetDependency */ = {
			isa = PBXTargetDependency;
			target = 05FCEDFA23A6BD6900C0BD10 /* RuziVoy */;
			targetProxy = 05FCEE1023A6BD6D00C0BD10 /* PBXContainerItemProxy */;
		};
		05FCEE1C23A6BD6D00C0BD10 /* PBXTargetDependency */ = {
			isa = PBXTargetDependency;
			target = 05FCEDFA23A6BD6900C0BD10 /* RuziVoy */;
			targetProxy = 05FCEE1B23A6BD6D00C0BD10 /* PBXContainerItemProxy */;
		};
/* End PBXTargetDependency section */

/* Begin PBXVariantGroup section */
		05FCEE0223A6BD6900C0BD10 /* Main.storyboard */ = {
			isa = PBXVariantGroup;
			children = (
				05FCEE0323A6BD6900C0BD10 /* Base */,
			);
			name = Main.storyboard;
			sourceTree = "<group>";
		};
		05FCEE0723A6BD6D00C0BD10 /* LaunchScreen.storyboard */ = {
			isa = PBXVariantGroup;
			children = (
				05FCEE0823A6BD6D00C0BD10 /* Base */,
			);
			name = LaunchScreen.storyboard;
			sourceTree = "<group>";
		};
/* End PBXVariantGroup section */

/* Begin XCBuildConfiguration section */
		05FCEE2123A6BD6D00C0BD10 /* Debug */ = {
			isa = XCBuildConfiguration;
			buildSettings = {
				ALWAYS_SEARCH_USER_PATHS = NO;
				CLANG_ANALYZER_NONNULL = YES;
				CLANG_ANALYZER_NUMBER_OBJECT_CONVERSION = YES_AGGRESSIVE;
				CLANG_CXX_LANGUAGE_STANDARD = "gnu++14";
				CLANG_CXX_LIBRARY = "libc++";
				CLANG_ENABLE_MODULES = YES;
				CLANG_ENABLE_OBJC_ARC = YES;
				CLANG_ENABLE_OBJC_WEAK = YES;
				CLANG_WARN_BLOCK_CAPTURE_AUTORELEASING = YES;
				CLANG_WARN_BOOL_CONVERSION = YES;
				CLANG_WARN_COMMA = YES;
				CLANG_WARN_CONSTANT_CONVERSION = YES;
				CLANG_WARN_DEPRECATED_OBJC_IMPLEMENTATIONS = YES;
				CLANG_WARN_DIRECT_OBJC_ISA_USAGE = YES_ERROR;
				CLANG_WARN_DOCUMENTATION_COMMENTS = YES;
				CLANG_WARN_EMPTY_BODY = YES;
				CLANG_WARN_ENUM_CONVERSION = YES;
				CLANG_WARN_INFINITE_RECURSION = YES;
				CLANG_WARN_INT_CONVERSION = YES;
				CLANG_WARN_NON_LITERAL_NULL_CONVERSION = YES;
				CLANG_WARN_OBJC_IMPLICIT_RETAIN_SELF = YES;
				CLANG_WARN_OBJC_LITERAL_CONVERSION = YES;
				CLANG_WARN_OBJC_ROOT_CLASS = YES_ERROR;
				CLANG_WARN_RANGE_LOOP_ANALYSIS = YES;
				CLANG_WARN_STRICT_PROTOTYPES = YES;
				CLANG_WARN_SUSPICIOUS_MOVE = YES;
				CLANG_WARN_UNGUARDED_AVAILABILITY = YES_AGGRESSIVE;
				CLANG_WARN_UNREACHABLE_CODE = YES;
				CLANG_WARN__DUPLICATE_METHOD_MATCH = YES;
				CODE_SIGN_IDENTITY = "iPhone Developer";
				COPY_PHASE_STRIP = NO;
				DEBUG_INFORMATION_FORMAT = dwarf;
				ENABLE_STRICT_OBJC_MSGSEND = YES;
				ENABLE_TESTABILITY = YES;
				GCC_C_LANGUAGE_STANDARD = gnu11;
				GCC_DYNAMIC_NO_PIC = NO;
				GCC_NO_COMMON_BLOCKS = YES;
				GCC_OPTIMIZATION_LEVEL = 0;
				GCC_PREPROCESSOR_DEFINITIONS = (
					"DEBUG=1",
					"$(inherited)",
				);
				GCC_WARN_64_TO_32_BIT_CONVERSION = YES;
				GCC_WARN_ABOUT_RETURN_TYPE = YES_ERROR;
				GCC_WARN_UNDECLARED_SELECTOR = YES;
				GCC_WARN_UNINITIALIZED_AUTOS = YES_AGGRESSIVE;
				GCC_WARN_UNUSED_FUNCTION = YES;
				GCC_WARN_UNUSED_VARIABLE = YES;
				IPHONEOS_DEPLOYMENT_TARGET = 12.2;
				MTL_ENABLE_DEBUG_INFO = INCLUDE_SOURCE;
				MTL_FAST_MATH = YES;
				ONLY_ACTIVE_ARCH = YES;
				SDKROOT = iphoneos;
				SWIFT_ACTIVE_COMPILATION_CONDITIONS = DEBUG;
				SWIFT_OPTIMIZATION_LEVEL = "-Onone";
			};
			name = Debug;
		};
		05FCEE2223A6BD6D00C0BD10 /* Release */ = {
			isa = XCBuildConfiguration;
			buildSettings = {
				ALWAYS_SEARCH_USER_PATHS = NO;
				CLANG_ANALYZER_NONNULL = YES;
				CLANG_ANALYZER_NUMBER_OBJECT_CONVERSION = YES_AGGRESSIVE;
				CLANG_CXX_LANGUAGE_STANDARD = "gnu++14";
				CLANG_CXX_LIBRARY = "libc++";
				CLANG_ENABLE_MODULES = YES;
				CLANG_ENABLE_OBJC_ARC = YES;
				CLANG_ENABLE_OBJC_WEAK = YES;
				CLANG_WARN_BLOCK_CAPTURE_AUTORELEASING = YES;
				CLANG_WARN_BOOL_CONVERSION = YES;
				CLANG_WARN_COMMA = YES;
				CLANG_WARN_CONSTANT_CONVERSION = YES;
				CLANG_WARN_DEPRECATED_OBJC_IMPLEMENTATIONS = YES;
				CLANG_WARN_DIRECT_OBJC_ISA_USAGE = YES_ERROR;
				CLANG_WARN_DOCUMENTATION_COMMENTS = YES;
				CLANG_WARN_EMPTY_BODY = YES;
				CLANG_WARN_ENUM_CONVERSION = YES;
				CLANG_WARN_INFINITE_RECURSION = YES;
				CLANG_WARN_INT_CONVERSION = YES;
				CLANG_WARN_NON_LITERAL_NULL_CONVERSION = YES;
				CLANG_WARN_OBJC_IMPLICIT_RETAIN_SELF = YES;
				CLANG_WARN_OBJC_LITERAL_CONVERSION = YES;
				CLANG_WARN_OBJC_ROOT_CLASS = YES_ERROR;
				CLANG_WARN_RANGE_LOOP_ANALYSIS = YES;
				CLANG_WARN_STRICT_PROTOTYPES = YES;
				CLANG_WARN_SUSPICIOUS_MOVE = YES;
				CLANG_WARN_UNGUARDED_AVAILABILITY = YES_AGGRESSIVE;
				CLANG_WARN_UNREACHABLE_CODE = YES;
				CLANG_WARN__DUPLICATE_METHOD_MATCH = YES;
				CODE_SIGN_IDENTITY = "iPhone Developer";
				COPY_PHASE_STRIP = NO;
				DEBUG_INFORMATION_FORMAT = "dwarf-with-dsym";
				ENABLE_NS_ASSERTIONS = NO;
				ENABLE_STRICT_OBJC_MSGSEND = YES;
				GCC_C_LANGUAGE_STANDARD = gnu11;
				GCC_NO_COMMON_BLOCKS = YES;
				GCC_WARN_64_TO_32_BIT_CONVERSION = YES;
				GCC_WARN_ABOUT_RETURN_TYPE = YES_ERROR;
				GCC_WARN_UNDECLARED_SELECTOR = YES;
				GCC_WARN_UNINITIALIZED_AUTOS = YES_AGGRESSIVE;
				GCC_WARN_UNUSED_FUNCTION = YES;
				GCC_WARN_UNUSED_VARIABLE = YES;
				IPHONEOS_DEPLOYMENT_TARGET = 12.2;
				MTL_ENABLE_DEBUG_INFO = NO;
				MTL_FAST_MATH = YES;
				SDKROOT = iphoneos;
				SWIFT_COMPILATION_MODE = wholemodule;
				SWIFT_OPTIMIZATION_LEVEL = "-O";
				VALIDATE_PRODUCT = YES;
			};
			name = Release;
		};
		05FCEE2423A6BD6D00C0BD10 /* Debug */ = {
			isa = XCBuildConfiguration;
			baseConfigurationReference = 44F96A82D7B5246BA95169B9 /* Pods-RuziVoy.debug.xcconfig */;
			buildSettings = {
				API_KEY = AIzaSyBNCBYtIRR2ft3ANWOV0z9q4j8s_hEtx6I;
				ASSETCATALOG_COMPILER_APPICON_NAME = AppIcon;
				CODE_SIGN_ENTITLEMENTS = RuziVoy/RuziVoy.entitlements;
				CODE_SIGN_IDENTITY = "iPhone Distribution";
				CODE_SIGN_STYLE = Manual;
				DEVELOPMENT_TEAM = E8R89PF79F;
				INFOPLIST_FILE = RuziVoy/Info.plist;
				LD_RUNPATH_SEARCH_PATHS = (
					"$(inherited)",
					"@executable_path/Frameworks",
				);
				PRODUCT_BUNDLE_IDENTIFIER = com.shsa.RuziVoy.Test;
				PRODUCT_NAME = "$(TARGET_NAME)";
				PROVISIONING_PROFILE_SPECIFIER = RuziTest;
				SWIFT_VERSION = 5.0;
				TARGETED_DEVICE_FAMILY = "1,2";
			};
			name = Debug;
		};
		05FCEE2523A6BD6D00C0BD10 /* Release */ = {
			isa = XCBuildConfiguration;
			baseConfigurationReference = E1A7789F6F7F7819FF7CAECB /* Pods-RuziVoy.release.xcconfig */;
			buildSettings = {
				API_KEY = AIzaSyBNCBYtIRR2ft3ANWOV0z9q4j8s_hEtx6I;
				ASSETCATALOG_COMPILER_APPICON_NAME = AppIcon;
				CODE_SIGN_ENTITLEMENTS = RuziVoy/RuziVoy.entitlements;
				CODE_SIGN_IDENTITY = "iPhone Distribution";
				CODE_SIGN_STYLE = Manual;
				DEVELOPMENT_TEAM = E8R89PF79F;
				INFOPLIST_FILE = RuziVoy/Info.plist;
				LD_RUNPATH_SEARCH_PATHS = (
					"$(inherited)",
					"@executable_path/Frameworks",
				);
				PRODUCT_BUNDLE_IDENTIFIER = com.shsa.RuziVoy.Test;
				PRODUCT_NAME = "$(TARGET_NAME)";
				PROVISIONING_PROFILE_SPECIFIER = RuziTest;
				SWIFT_VERSION = 5.0;
				TARGETED_DEVICE_FAMILY = "1,2";
			};
			name = Release;
		};
		05FCEE2723A6BD6D00C0BD10 /* Debug */ = {
			isa = XCBuildConfiguration;
			baseConfigurationReference = 6B5142E925B6623BF30BE080 /* Pods-RuziVoyTests.debug.xcconfig */;
			buildSettings = {
				ALWAYS_EMBED_SWIFT_STANDARD_LIBRARIES = YES;
				BUNDLE_LOADER = "$(TEST_HOST)";
				CODE_SIGN_STYLE = Automatic;
				DEVELOPMENT_TEAM = 7UGS8SPKL8;
				INFOPLIST_FILE = RuziVoyTests/Info.plist;
				LD_RUNPATH_SEARCH_PATHS = (
					"$(inherited)",
					"@executable_path/Frameworks",
					"@loader_path/Frameworks",
				);
				PRODUCT_BUNDLE_IDENTIFIER = com.shsa.RuziVoyTests;
				PRODUCT_NAME = "$(TARGET_NAME)";
				SWIFT_VERSION = 5.0;
				TARGETED_DEVICE_FAMILY = "1,2";
				TEST_HOST = "$(BUILT_PRODUCTS_DIR)/RuziVoy.app/RuziVoy";
			};
			name = Debug;
		};
		05FCEE2823A6BD6D00C0BD10 /* Release */ = {
			isa = XCBuildConfiguration;
			baseConfigurationReference = 03E49AA41E9AB3884BF88E24 /* Pods-RuziVoyTests.release.xcconfig */;
			buildSettings = {
				ALWAYS_EMBED_SWIFT_STANDARD_LIBRARIES = YES;
				BUNDLE_LOADER = "$(TEST_HOST)";
				CODE_SIGN_STYLE = Automatic;
				DEVELOPMENT_TEAM = 7UGS8SPKL8;
				INFOPLIST_FILE = RuziVoyTests/Info.plist;
				LD_RUNPATH_SEARCH_PATHS = (
					"$(inherited)",
					"@executable_path/Frameworks",
					"@loader_path/Frameworks",
				);
				PRODUCT_BUNDLE_IDENTIFIER = com.shsa.RuziVoyTests;
				PRODUCT_NAME = "$(TARGET_NAME)";
				SWIFT_VERSION = 5.0;
				TARGETED_DEVICE_FAMILY = "1,2";
				TEST_HOST = "$(BUILT_PRODUCTS_DIR)/RuziVoy.app/RuziVoy";
			};
			name = Release;
		};
		05FCEE2A23A6BD6D00C0BD10 /* Debug */ = {
			isa = XCBuildConfiguration;
			baseConfigurationReference = 016B5A37D27A494608BF6035 /* Pods-RuziVoy-RuziVoyUITests.debug.xcconfig */;
			buildSettings = {
				ALWAYS_EMBED_SWIFT_STANDARD_LIBRARIES = YES;
				CODE_SIGN_STYLE = Automatic;
				DEVELOPMENT_TEAM = 7UGS8SPKL8;
				INFOPLIST_FILE = RuziVoyUITests/Info.plist;
				LD_RUNPATH_SEARCH_PATHS = (
					"$(inherited)",
					"@executable_path/Frameworks",
					"@loader_path/Frameworks",
				);
				PRODUCT_BUNDLE_IDENTIFIER = com.shsa.RuziVoyUITests;
				PRODUCT_NAME = "$(TARGET_NAME)";
				SWIFT_VERSION = 5.0;
				TARGETED_DEVICE_FAMILY = "1,2";
				TEST_TARGET_NAME = RuziVoy;
			};
			name = Debug;
		};
		05FCEE2B23A6BD6D00C0BD10 /* Release */ = {
			isa = XCBuildConfiguration;
			baseConfigurationReference = D2FC1E9A2E2F8A3599FB7238 /* Pods-RuziVoy-RuziVoyUITests.release.xcconfig */;
			buildSettings = {
				ALWAYS_EMBED_SWIFT_STANDARD_LIBRARIES = YES;
				CODE_SIGN_STYLE = Automatic;
				DEVELOPMENT_TEAM = 7UGS8SPKL8;
				INFOPLIST_FILE = RuziVoyUITests/Info.plist;
				LD_RUNPATH_SEARCH_PATHS = (
					"$(inherited)",
					"@executable_path/Frameworks",
					"@loader_path/Frameworks",
				);
				PRODUCT_BUNDLE_IDENTIFIER = com.shsa.RuziVoyUITests;
				PRODUCT_NAME = "$(TARGET_NAME)";
				SWIFT_VERSION = 5.0;
				TARGETED_DEVICE_FAMILY = "1,2";
				TEST_TARGET_NAME = RuziVoy;
			};
			name = Release;
		};
/* End XCBuildConfiguration section */

/* Begin XCConfigurationList section */
		05FCEDF623A6BD6900C0BD10 /* Build configuration list for PBXProject "RuziVoy" */ = {
			isa = XCConfigurationList;
			buildConfigurations = (
				05FCEE2123A6BD6D00C0BD10 /* Debug */,
				05FCEE2223A6BD6D00C0BD10 /* Release */,
			);
			defaultConfigurationIsVisible = 0;
			defaultConfigurationName = Release;
		};
		05FCEE2323A6BD6D00C0BD10 /* Build configuration list for PBXNativeTarget "RuziVoy" */ = {
			isa = XCConfigurationList;
			buildConfigurations = (
				05FCEE2423A6BD6D00C0BD10 /* Debug */,
				05FCEE2523A6BD6D00C0BD10 /* Release */,
			);
			defaultConfigurationIsVisible = 0;
			defaultConfigurationName = Release;
		};
		05FCEE2623A6BD6D00C0BD10 /* Build configuration list for PBXNativeTarget "RuziVoyTests" */ = {
			isa = XCConfigurationList;
			buildConfigurations = (
				05FCEE2723A6BD6D00C0BD10 /* Debug */,
				05FCEE2823A6BD6D00C0BD10 /* Release */,
			);
			defaultConfigurationIsVisible = 0;
			defaultConfigurationName = Release;
		};
		05FCEE2923A6BD6D00C0BD10 /* Build configuration list for PBXNativeTarget "RuziVoyUITests" */ = {
			isa = XCConfigurationList;
			buildConfigurations = (
				05FCEE2A23A6BD6D00C0BD10 /* Debug */,
				05FCEE2B23A6BD6D00C0BD10 /* Release */,
			);
			defaultConfigurationIsVisible = 0;
			defaultConfigurationName = Release;
		};
/* End XCConfigurationList section */
	};
	rootObject = 05FCEDF323A6BD6900C0BD10 /* Project object */;
}
